{
  "name": "zkq",
  "version": "1.0.0",
  "lockfileVersion": 1,
  "requires": true,
  "dependencies": {
    "lixd-zk1": {
      "version": "1.0.0",
      "resolved": "https://registry.npmjs.org/lixd-zk1/-/lixd-zk1-1.0.0.tgz",
      "integrity": "sha512-YR3edGwhtSshOeNnK8qyeZbP94Zx5VWXHiW2okPQChjl2pyKX5xXkLKJsaS6GKwQvt1QCHRYUbIK7F3DFNDAag=="
    }
  }
}
